PODS:
  - Masonry (1.1.0)
  - PPTestComponent (0.1.9):
    - Masonry

DEPENDENCIES:
  - PPTestComponent (from `../`)

SPEC REPOS:
  https://github.com/cocoapods/specs.git:
    - Masonry

EXTERNAL SOURCES:
  PPTestComponent:
    :path: "../"

SPEC CHECKSUMS:
  Masonry: 678fab65091a9290e40e2832a55e7ab731aad201
  PPTestComponent: 6238a950a102774ac550a199f401740cffb35267

PODFILE CHECKSUM: b356bdf2fad40b6a4678f97d61337952a09e6d54

COCOAPODS: 1.6.1
